
Microsoft Visual Studio Solution File, Format Version 12.00
# Visual Studio 14
VisualStudioVersion = 14.0.25420.1
MinimumVisualStudioVersion = 10.0.40219.1
Project("{2150E333-8FDC-42A3-9474-1A3956D46DE8}") = "0-Apresentacao", "0-Apresentacao", "{B565F54B-2A6E-4F9D-9990-012D49B8B0F7}"
EndProject
Project("{2150E333-8FDC-42A3-9474-1A3956D46DE8}") = "1-Servico", "1-Servico", "{B6E77891-0084-45FB-8117-024A8E0D22A2}"
EndProject
Project("{2150E333-8FDC-42A3-9474-1A3956D46DE8}") = "2-Aplicacao", "2-Aplicacao", "{8CD4C793-094B-462F-8D13-FBC3C1390B61}"
EndProject
Project("{2150E333-8FDC-42A3-9474-1A3956D46DE8}") = "3-Dominio", "3-Dominio", "{73275F98-073D-4E51-BA71-26783EB74EDE}"
EndProject
Project("{2150E333-8FDC-42A3-9474-1A3956D46DE8}") = "4-Infra", "4-Infra", "{4910CD6A-51F4-4BC0-AEE3-71CF6D0B8D34}"
EndProject
Project("{FAE04EC0-301F-11D3-BF4B-00C04F79EFBC}") = "AppFidelidade.Dominio", "src\AppFidelidade.Dominio\AppFidelidade.Dominio.csproj", "{34916704-ECEB-461B-A711-BFDDE881F287}"
EndProject
Project("{2150E333-8FDC-42A3-9474-1A3956D46DE8}") = "4.1-Data", "4.1-Data", "{1FC46C87-57D1-4B92-A7BF-C65731E615C6}"
EndProject
Project("{FAE04EC0-301F-11D3-BF4B-00C04F79EFBC}") = "AppFidelidade.Infra.Data", "src\AppFidelidade.Infra.Data\AppFidelidade.Infra.Data.csproj", "{3F9FB413-15DD-4C33-A82E-A99C8C0AC9DE}"
EndProject
Project("{FAE04EC0-301F-11D3-BF4B-00C04F79EFBC}") = "AppFidelidade.Aplicacao", "src\AppFidelidade.Aplicacao\AppFidelidade.Aplicacao.csproj", "{1C1399C8-9342-4670-A09B-F3E12B4EFF8E}"
EndProject
Project("{2150E333-8FDC-42A3-9474-1A3956D46DE8}") = "4.2-Ioc", "4.2-Ioc", "{0E8452B0-3921-432A-9B50-DE8A0E6392C3}"
EndProject
Project("{FAE04EC0-301F-11D3-BF4B-00C04F79EFBC}") = "AppFidelidade.Infra.Ioc", "src\AppFidelidade.Infra.Ioc\AppFidelidade.Infra.Ioc.csproj", "{2878E4C6-BD37-46BF-90E7-A15D96605433}"
EndProject
Project("{FAE04EC0-301F-11D3-BF4B-00C04F79EFBC}") = "AppFidelidade.Servico", "src\AppFidelidade.Servico\AppFidelidade.Servico.csproj", "{1BE01EDE-BA51-4AB8-B070-1F212EBE010E}"
EndProject
Project("{2150E333-8FDC-42A3-9474-1A3956D46DE8}") = "App", "App", "{264AB6C9-AFE0-4583-934D-905A038DDFEF}"
EndProject
Project("{FAE04EC0-301F-11D3-BF4B-00C04F79EFBC}") = "AppFidelidade_App_Adm", "src\AppFidelidade_App_Adm\AppFidelidade_App_Adm\AppFidelidade_App_Adm.csproj", "{C812B247-936E-493A-974F-02B8813D1389}"
EndProject
Project("{FAE04EC0-301F-11D3-BF4B-00C04F79EFBC}") = "AppFidelidade_App_Adm.Droid", "src\AppFidelidade_App_Adm\AppFidelidade_App_Adm.Droid\AppFidelidade_App_Adm.Droid.csproj", "{D91D0933-91EF-42A5-9DCA-A6C8FE913E09}"
	ProjectSection(ProjectDependencies) = postProject
		{1BE01EDE-BA51-4AB8-B070-1F212EBE010E} = {1BE01EDE-BA51-4AB8-B070-1F212EBE010E}
	EndProjectSection
EndProject
Project("{FAE04EC0-301F-11D3-BF4B-00C04F79EFBC}") = "AppFidelidade_App_Adm.iOS", "src\AppFidelidade_App_Adm\AppFidelidade_App_Adm.iOS\AppFidelidade_App_Adm.iOS.csproj", "{6062F1A4-442E-473A-9FC8-FAB738D5928C}"
EndProject
Project("{FAE04EC0-301F-11D3-BF4B-00C04F79EFBC}") = "AppFidelidade.Dominio.Compartilhado", "AppFidelidade.Dominio.Compartilhado\AppFidelidade.Dominio.Compartilhado.csproj", "{F857F69C-C633-4D5F-AFB8-622B7B157322}"
EndProject
Project("{FAE04EC0-301F-11D3-BF4B-00C04F79EFBC}") = "AppFidelidade_App_Client", "AppFidelidade_App_Client\AppFidelidade_App_Client\AppFidelidade_App_Client.csproj", "{B16D1EF0-E2BA-46B6-A779-3D32A7654F4B}"
EndProject
Project("{FAE04EC0-301F-11D3-BF4B-00C04F79EFBC}") = "AppFidelidade_App_Client.Droid", "AppFidelidade_App_Client\AppFidelidade_App_Client.Droid\AppFidelidade_App_Client.Droid.csproj", "{901E050A-16B2-4F15-A98A-B144546540D2}"
	ProjectSection(ProjectDependencies) = postProject
		{1BE01EDE-BA51-4AB8-B070-1F212EBE010E} = {1BE01EDE-BA51-4AB8-B070-1F212EBE010E}
	EndProjectSection
EndProject
Project("{FAE04EC0-301F-11D3-BF4B-00C04F79EFBC}") = "AppFidelidade_App_Client.iOS", "AppFidelidade_App_Client\AppFidelidade_App_Client.iOS\AppFidelidade_App_Client.iOS.csproj", "{C25477E6-5044-4F43-87C3-110EE49E2BB1}"
EndProject
Global
	GlobalSection(SolutionConfigurationPlatforms) = preSolution
		Ad-Hoc|Any CPU = Ad-Hoc|Any CPU
		Ad-Hoc|iPhone = Ad-Hoc|iPhone
		Ad-Hoc|iPhoneSimulator = Ad-Hoc|iPhoneSimulator
		AppStore|Any CPU = AppStore|Any CPU
		AppStore|iPhone = AppStore|iPhone
		AppStore|iPhoneSimulator = AppStore|iPhoneSimulator
		Debug|Any CPU = Debug|Any CPU
		Debug|iPhone = Debug|iPhone
		Debug|iPhoneSimulator = Debug|iPhoneSimulator
		Release|Any CPU = Release|Any CPU
		Release|iPhone = Release|iPhone
		Release|iPhoneSimulator = Release|iPhoneSimulator
	EndGlobalSection
	GlobalSection(ProjectConfigurationPlatforms) = postSolution
		{34916704-ECEB-461B-A711-BFDDE881F287}.Ad-Hoc|Any CPU.ActiveCfg = Release|Any CPU
		{34916704-ECEB-461B-A711-BFDDE881F287}.Ad-Hoc|Any CPU.Build.0 = Release|Any CPU
		{34916704-ECEB-461B-A711-BFDDE881F287}.Ad-Hoc|iPhone.ActiveCfg = Release|Any CPU
		{34916704-ECEB-461B-A711-BFDDE881F287}.Ad-Hoc|iPhone.Build.0 = Release|Any CPU
		{34916704-ECEB-461B-A711-BFDDE881F287}.Ad-Hoc|iPhoneSimulator.ActiveCfg = Release|Any CPU
		{34916704-ECEB-461B-A711-BFDDE881F287}.Ad-Hoc|iPhoneSimulator.Build.0 = Release|Any CPU
		{34916704-ECEB-461B-A711-BFDDE881F287}.AppStore|Any CPU.ActiveCfg = Release|Any CPU
		{34916704-ECEB-461B-A711-BFDDE881F287}.AppStore|Any CPU.Build.0 = Release|Any CPU
		{34916704-ECEB-461B-A711-BFDDE881F287}.AppStore|iPhone.ActiveCfg = Release|Any CPU
		{34916704-ECEB-461B-A711-BFDDE881F287}.AppStore|iPhone.Build.0 = Release|Any CPU
		{34916704-ECEB-461B-A711-BFDDE881F287}.AppStore|iPhoneSimulator.ActiveCfg = Release|Any CPU
		{34916704-ECEB-461B-A711-BFDDE881F287}.AppStore|iPhoneSimulator.Build.0 = Release|Any CPU
		{34916704-ECEB-461B-A711-BFDDE881F287}.Debug|Any CPU.ActiveCfg = Debug|Any CPU
		{34916704-ECEB-461B-A711-BFDDE881F287}.Debug|Any CPU.Build.0 = Debug|Any CPU
		{34916704-ECEB-461B-A711-BFDDE881F287}.Debug|iPhone.ActiveCfg = Debug|Any CPU
		{34916704-ECEB-461B-A711-BFDDE881F287}.Debug|iPhone.Build.0 = Debug|Any CPU
		{34916704-ECEB-461B-A711-BFDDE881F287}.Debug|iPhoneSimulator.ActiveCfg = Debug|Any CPU
		{34916704-ECEB-461B-A711-BFDDE881F287}.Debug|iPhoneSimulator.Build.0 = Debug|Any CPU
		{34916704-ECEB-461B-A711-BFDDE881F287}.Release|Any CPU.ActiveCfg = Release|Any CPU
		{34916704-ECEB-461B-A711-BFDDE881F287}.Release|Any CPU.Build.0 = Release|Any CPU
		{34916704-ECEB-461B-A711-BFDDE881F287}.Release|iPhone.ActiveCfg = Release|Any CPU
		{34916704-ECEB-461B-A711-BFDDE881F287}.Release|iPhone.Build.0 = Release|Any CPU
		{34916704-ECEB-461B-A711-BFDDE881F287}.Release|iPhoneSimulator.ActiveCfg = Release|Any CPU
		{34916704-ECEB-461B-A711-BFDDE881F287}.Release|iPhoneSimulator.Build.0 = Release|Any CPU
		{3F9FB413-15DD-4C33-A82E-A99C8C0AC9DE}.Ad-Hoc|Any CPU.ActiveCfg = Release|Any CPU
		{3F9FB413-15DD-4C33-A82E-A99C8C0AC9DE}.Ad-Hoc|Any CPU.Build.0 = Release|Any CPU
		{3F9FB413-15DD-4C33-A82E-A99C8C0AC9DE}.Ad-Hoc|iPhone.ActiveCfg = Release|Any CPU
		{3F9FB413-15DD-4C33-A82E-A99C8C0AC9DE}.Ad-Hoc|iPhone.Build.0 = Release|Any CPU
		{3F9FB413-15DD-4C33-A82E-A99C8C0AC9DE}.Ad-Hoc|iPhoneSimulator.ActiveCfg = Release|Any CPU
		{3F9FB413-15DD-4C33-A82E-A99C8C0AC9DE}.Ad-Hoc|iPhoneSimulator.Build.0 = Release|Any CPU
		{3F9FB413-15DD-4C33-A82E-A99C8C0AC9DE}.AppStore|Any CPU.ActiveCfg = Release|Any CPU
		{3F9FB413-15DD-4C33-A82E-A99C8C0AC9DE}.AppStore|Any CPU.Build.0 = Release|Any CPU
		{3F9FB413-15DD-4C33-A82E-A99C8C0AC9DE}.AppStore|iPhone.ActiveCfg = Release|Any CPU
		{3F9FB413-15DD-4C33-A82E-A99C8C0AC9DE}.AppStore|iPhone.Build.0 = Release|Any CPU
		{3F9FB413-15DD-4C33-A82E-A99C8C0AC9DE}.AppStore|iPhoneSimulator.ActiveCfg = Release|Any CPU
		{3F9FB413-15DD-4C33-A82E-A99C8C0AC9DE}.AppStore|iPhoneSimulator.Build.0 = Release|Any CPU
		{3F9FB413-15DD-4C33-A82E-A99C8C0AC9DE}.Debug|Any CPU.ActiveCfg = Debug|Any CPU
		{3F9FB413-15DD-4C33-A82E-A99C8C0AC9DE}.Debug|Any CPU.Build.0 = Debug|Any CPU
		{3F9FB413-15DD-4C33-A82E-A99C8C0AC9DE}.Debug|iPhone.ActiveCfg = Debug|Any CPU
		{3F9FB413-15DD-4C33-A82E-A99C8C0AC9DE}.Debug|iPhone.Build.0 = Debug|Any CPU
		{3F9FB413-15DD-4C33-A82E-A99C8C0AC9DE}.Debug|iPhoneSimulator.ActiveCfg = Debug|Any CPU
		{3F9FB413-15DD-4C33-A82E-A99C8C0AC9DE}.Debug|iPhoneSimulator.Build.0 = Debug|Any CPU
		{3F9FB413-15DD-4C33-A82E-A99C8C0AC9DE}.Release|Any CPU.ActiveCfg = Release|Any CPU
		{3F9FB413-15DD-4C33-A82E-A99C8C0AC9DE}.Release|Any CPU.Build.0 = Release|Any CPU
		{3F9FB413-15DD-4C33-A82E-A99C8C0AC9DE}.Release|iPhone.ActiveCfg = Release|Any CPU
		{3F9FB413-15DD-4C33-A82E-A99C8C0AC9DE}.Release|iPhone.Build.0 = Release|Any CPU
		{3F9FB413-15DD-4C33-A82E-A99C8C0AC9DE}.Release|iPhoneSimulator.ActiveCfg = Release|Any CPU
		{3F9FB413-15DD-4C33-A82E-A99C8C0AC9DE}.Release|iPhoneSimulator.Build.0 = Release|Any CPU
		{1C1399C8-9342-4670-A09B-F3E12B4EFF8E}.Ad-Hoc|Any CPU.ActiveCfg = Release|Any CPU
		{1C1399C8-9342-4670-A09B-F3E12B4EFF8E}.Ad-Hoc|Any CPU.Build.0 = Release|Any CPU
		{1C1399C8-9342-4670-A09B-F3E12B4EFF8E}.Ad-Hoc|iPhone.ActiveCfg = Release|Any CPU
		{1C1399C8-9342-4670-A09B-F3E12B4EFF8E}.Ad-Hoc|iPhone.Build.0 = Release|Any CPU
		{1C1399C8-9342-4670-A09B-F3E12B4EFF8E}.Ad-Hoc|iPhoneSimulator.ActiveCfg = Release|Any CPU
		{1C1399C8-9342-4670-A09B-F3E12B4EFF8E}.Ad-Hoc|iPhoneSimulator.Build.0 = Release|Any CPU
		{1C1399C8-9342-4670-A09B-F3E12B4EFF8E}.AppStore|Any CPU.ActiveCfg = Release|Any CPU
		{1C1399C8-9342-4670-A09B-F3E12B4EFF8E}.AppStore|Any CPU.Build.0 = Release|Any CPU
		{1C1399C8-9342-4670-A09B-F3E12B4EFF8E}.AppStore|iPhone.ActiveCfg = Release|Any CPU
		{1C1399C8-9342-4670-A09B-F3E12B4EFF8E}.AppStore|iPhone.Build.0 = Release|Any CPU
		{1C1399C8-9342-4670-A09B-F3E12B4EFF8E}.AppStore|iPhoneSimulator.ActiveCfg = Release|Any CPU
		{1C1399C8-9342-4670-A09B-F3E12B4EFF8E}.AppStore|iPhoneSimulator.Build.0 = Release|Any CPU
		{1C1399C8-9342-4670-A09B-F3E12B4EFF8E}.Debug|Any CPU.ActiveCfg = Debug|Any CPU
		{1C1399C8-9342-4670-A09B-F3E12B4EFF8E}.Debug|Any CPU.Build.0 = Debug|Any CPU
		{1C1399C8-9342-4670-A09B-F3E12B4EFF8E}.Debug|iPhone.ActiveCfg = Debug|Any CPU
		{1C1399C8-9342-4670-A09B-F3E12B4EFF8E}.Debug|iPhone.Build.0 = Debug|Any CPU
		{1C1399C8-9342-4670-A09B-F3E12B4EFF8E}.Debug|iPhoneSimulator.ActiveCfg = Debug|Any CPU
		{1C1399C8-9342-4670-A09B-F3E12B4EFF8E}.Debug|iPhoneSimulator.Build.0 = Debug|Any CPU
		{1C1399C8-9342-4670-A09B-F3E12B4EFF8E}.Release|Any CPU.ActiveCfg = Release|Any CPU
		{1C1399C8-9342-4670-A09B-F3E12B4EFF8E}.Release|Any CPU.Build.0 = Release|Any CPU
		{1C1399C8-9342-4670-A09B-F3E12B4EFF8E}.Release|iPhone.ActiveCfg = Release|Any CPU
		{1C1399C8-9342-4670-A09B-F3E12B4EFF8E}.Release|iPhone.Build.0 = Release|Any CPU
		{1C1399C8-9342-4670-A09B-F3E12B4EFF8E}.Release|iPhoneSimulator.ActiveCfg = Release|Any CPU
		{1C1399C8-9342-4670-A09B-F3E12B4EFF8E}.Release|iPhoneSimulator.Build.0 = Release|Any CPU
		{2878E4C6-BD37-46BF-90E7-A15D96605433}.Ad-Hoc|Any CPU.ActiveCfg = Release|Any CPU
		{2878E4C6-BD37-46BF-90E7-A15D96605433}.Ad-Hoc|Any CPU.Build.0 = Release|Any CPU
		{2878E4C6-BD37-46BF-90E7-A15D96605433}.Ad-Hoc|iPhone.ActiveCfg = Release|Any CPU
		{2878E4C6-BD37-46BF-90E7-A15D96605433}.Ad-Hoc|iPhone.Build.0 = Release|Any CPU
		{2878E4C6-BD37-46BF-90E7-A15D96605433}.Ad-Hoc|iPhoneSimulator.ActiveCfg = Release|Any CPU
		{2878E4C6-BD37-46BF-90E7-A15D96605433}.Ad-Hoc|iPhoneSimulator.Build.0 = Release|Any CPU
		{2878E4C6-BD37-46BF-90E7-A15D96605433}.AppStore|Any CPU.ActiveCfg = Release|Any CPU
		{2878E4C6-BD37-46BF-90E7-A15D96605433}.AppStore|Any CPU.Build.0 = Release|Any CPU
		{2878E4C6-BD37-46BF-90E7-A15D96605433}.AppStore|iPhone.ActiveCfg = Release|Any CPU
		{2878E4C6-BD37-46BF-90E7-A15D96605433}.AppStore|iPhone.Build.0 = Release|Any CPU
		{2878E4C6-BD37-46BF-90E7-A15D96605433}.AppStore|iPhoneSimulator.ActiveCfg = Release|Any CPU
		{2878E4C6-BD37-46BF-90E7-A15D96605433}.AppStore|iPhoneSimulator.Build.0 = Release|Any CPU
		{2878E4C6-BD37-46BF-90E7-A15D96605433}.Debug|Any CPU.ActiveCfg = Debug|Any CPU
		{2878E4C6-BD37-46BF-90E7-A15D96605433}.Debug|Any CPU.Build.0 = Debug|Any CPU
		{2878E4C6-BD37-46BF-90E7-A15D96605433}.Debug|iPhone.ActiveCfg = Debug|Any CPU
		{2878E4C6-BD37-46BF-90E7-A15D96605433}.Debug|iPhone.Build.0 = Debug|Any CPU
		{2878E4C6-BD37-46BF-90E7-A15D96605433}.Debug|iPhoneSimulator.ActiveCfg = Debug|Any CPU
		{2878E4C6-BD37-46BF-90E7-A15D96605433}.Debug|iPhoneSimulator.Build.0 = Debug|Any CPU
		{2878E4C6-BD37-46BF-90E7-A15D96605433}.Release|Any CPU.ActiveCfg = Release|Any CPU
		{2878E4C6-BD37-46BF-90E7-A15D96605433}.Release|Any CPU.Build.0 = Release|Any CPU
		{2878E4C6-BD37-46BF-90E7-A15D96605433}.Release|iPhone.ActiveCfg = Release|Any CPU
		{2878E4C6-BD37-46BF-90E7-A15D96605433}.Release|iPhone.Build.0 = Release|Any CPU
		{2878E4C6-BD37-46BF-90E7-A15D96605433}.Release|iPhoneSimulator.ActiveCfg = Release|Any CPU
		{2878E4C6-BD37-46BF-90E7-A15D96605433}.Release|iPhoneSimulator.Build.0 = Release|Any CPU
		{1BE01EDE-BA51-4AB8-B070-1F212EBE010E}.Ad-Hoc|Any CPU.ActiveCfg = Release|Any CPU
		{1BE01EDE-BA51-4AB8-B070-1F212EBE010E}.Ad-Hoc|Any CPU.Build.0 = Release|Any CPU
		{1BE01EDE-BA51-4AB8-B070-1F212EBE010E}.Ad-Hoc|iPhone.ActiveCfg = Release|Any CPU
		{1BE01EDE-BA51-4AB8-B070-1F212EBE010E}.Ad-Hoc|iPhone.Build.0 = Release|Any CPU
		{1BE01EDE-BA51-4AB8-B070-1F212EBE010E}.Ad-Hoc|iPhoneSimulator.ActiveCfg = Release|Any CPU
		{1BE01EDE-BA51-4AB8-B070-1F212EBE010E}.Ad-Hoc|iPhoneSimulator.Build.0 = Release|Any CPU
		{1BE01EDE-BA51-4AB8-B070-1F212EBE010E}.AppStore|Any CPU.ActiveCfg = Release|Any CPU
		{1BE01EDE-BA51-4AB8-B070-1F212EBE010E}.AppStore|Any CPU.Build.0 = Release|Any CPU
		{1BE01EDE-BA51-4AB8-B070-1F212EBE010E}.AppStore|iPhone.ActiveCfg = Release|Any CPU
		{1BE01EDE-BA51-4AB8-B070-1F212EBE010E}.AppStore|iPhone.Build.0 = Release|Any CPU
		{1BE01EDE-BA51-4AB8-B070-1F212EBE010E}.AppStore|iPhoneSimulator.ActiveCfg = Release|Any CPU
		{1BE01EDE-BA51-4AB8-B070-1F212EBE010E}.AppStore|iPhoneSimulator.Build.0 = Release|Any CPU
		{1BE01EDE-BA51-4AB8-B070-1F212EBE010E}.Debug|Any CPU.ActiveCfg = Debug|Any CPU
		{1BE01EDE-BA51-4AB8-B070-1F212EBE010E}.Debug|Any CPU.Build.0 = Debug|Any CPU
		{1BE01EDE-BA51-4AB8-B070-1F212EBE010E}.Debug|iPhone.ActiveCfg = Debug|Any CPU
		{1BE01EDE-BA51-4AB8-B070-1F212EBE010E}.Debug|iPhone.Build.0 = Debug|Any CPU
		{1BE01EDE-BA51-4AB8-B070-1F212EBE010E}.Debug|iPhoneSimulator.ActiveCfg = Debug|Any CPU
		{1BE01EDE-BA51-4AB8-B070-1F212EBE010E}.Debug|iPhoneSimulator.Build.0 = Debug|Any CPU
		{1BE01EDE-BA51-4AB8-B070-1F212EBE010E}.Release|Any CPU.ActiveCfg = Release|Any CPU
		{1BE01EDE-BA51-4AB8-B070-1F212EBE010E}.Release|Any CPU.Build.0 = Release|Any CPU
		{1BE01EDE-BA51-4AB8-B070-1F212EBE010E}.Release|iPhone.ActiveCfg = Release|Any CPU
		{1BE01EDE-BA51-4AB8-B070-1F212EBE010E}.Release|iPhone.Build.0 = Release|Any CPU
		{1BE01EDE-BA51-4AB8-B070-1F212EBE010E}.Release|iPhoneSimulator.ActiveCfg = Release|Any CPU
		{1BE01EDE-BA51-4AB8-B070-1F212EBE010E}.Release|iPhoneSimulator.Build.0 = Release|Any CPU
		{C812B247-936E-493A-974F-02B8813D1389}.Ad-Hoc|Any CPU.ActiveCfg = Release|Any CPU
		{C812B247-936E-493A-974F-02B8813D1389}.Ad-Hoc|Any CPU.Build.0 = Release|Any CPU
		{C812B247-936E-493A-974F-02B8813D1389}.Ad-Hoc|iPhone.ActiveCfg = Release|Any CPU
		{C812B247-936E-493A-974F-02B8813D1389}.Ad-Hoc|iPhone.Build.0 = Release|Any CPU
		{C812B247-936E-493A-974F-02B8813D1389}.Ad-Hoc|iPhoneSimulator.ActiveCfg = Release|Any CPU
		{C812B247-936E-493A-974F-02B8813D1389}.Ad-Hoc|iPhoneSimulator.Build.0 = Release|Any CPU
		{C812B247-936E-493A-974F-02B8813D1389}.AppStore|Any CPU.ActiveCfg = Release|Any CPU
		{C812B247-936E-493A-974F-02B8813D1389}.AppStore|Any CPU.Build.0 = Release|Any CPU
		{C812B247-936E-493A-974F-02B8813D1389}.AppStore|iPhone.ActiveCfg = Release|Any CPU
		{C812B247-936E-493A-974F-02B8813D1389}.AppStore|iPhone.Build.0 = Release|Any CPU
		{C812B247-936E-493A-974F-02B8813D1389}.AppStore|iPhoneSimulator.ActiveCfg = Release|Any CPU
		{C812B247-936E-493A-974F-02B8813D1389}.AppStore|iPhoneSimulator.Build.0 = Release|Any CPU
		{C812B247-936E-493A-974F-02B8813D1389}.Debug|Any CPU.ActiveCfg = Debug|Any CPU
		{C812B247-936E-493A-974F-02B8813D1389}.Debug|Any CPU.Build.0 = Debug|Any CPU
		{C812B247-936E-493A-974F-02B8813D1389}.Debug|iPhone.ActiveCfg = Debug|Any CPU
		{C812B247-936E-493A-974F-02B8813D1389}.Debug|iPhone.Build.0 = Debug|Any CPU
		{C812B247-936E-493A-974F-02B8813D1389}.Debug|iPhoneSimulator.ActiveCfg = Debug|Any CPU
		{C812B247-936E-493A-974F-02B8813D1389}.Debug|iPhoneSimulator.Build.0 = Debug|Any CPU
		{C812B247-936E-493A-974F-02B8813D1389}.Release|Any CPU.ActiveCfg = Release|Any CPU
		{C812B247-936E-493A-974F-02B8813D1389}.Release|Any CPU.Build.0 = Release|Any CPU
		{C812B247-936E-493A-974F-02B8813D1389}.Release|iPhone.ActiveCfg = Release|Any CPU
		{C812B247-936E-493A-974F-02B8813D1389}.Release|iPhone.Build.0 = Release|Any CPU
		{C812B247-936E-493A-974F-02B8813D1389}.Release|iPhoneSimulator.ActiveCfg = Release|Any CPU
		{C812B247-936E-493A-974F-02B8813D1389}.Release|iPhoneSimulator.Build.0 = Release|Any CPU
		{D91D0933-91EF-42A5-9DCA-A6C8FE913E09}.Ad-Hoc|Any CPU.ActiveCfg = Release|Any CPU
		{D91D0933-91EF-42A5-9DCA-A6C8FE913E09}.Ad-Hoc|Any CPU.Build.0 = Release|Any CPU
		{D91D0933-91EF-42A5-9DCA-A6C8FE913E09}.Ad-Hoc|Any CPU.Deploy.0 = Release|Any CPU
		{D91D0933-91EF-42A5-9DCA-A6C8FE913E09}.Ad-Hoc|iPhone.ActiveCfg = Release|Any CPU
		{D91D0933-91EF-42A5-9DCA-A6C8FE913E09}.Ad-Hoc|iPhone.Build.0 = Release|Any CPU
		{D91D0933-91EF-42A5-9DCA-A6C8FE913E09}.Ad-Hoc|iPhone.Deploy.0 = Release|Any CPU
		{D91D0933-91EF-42A5-9DCA-A6C8FE913E09}.Ad-Hoc|iPhoneSimulator.ActiveCfg = Release|Any CPU
		{D91D0933-91EF-42A5-9DCA-A6C8FE913E09}.Ad-Hoc|iPhoneSimulator.Build.0 = Release|Any CPU
		{D91D0933-91EF-42A5-9DCA-A6C8FE913E09}.Ad-Hoc|iPhoneSimulator.Deploy.0 = Release|Any CPU
		{D91D0933-91EF-42A5-9DCA-A6C8FE913E09}.AppStore|Any CPU.ActiveCfg = Release|Any CPU
		{D91D0933-91EF-42A5-9DCA-A6C8FE913E09}.AppStore|Any CPU.Build.0 = Release|Any CPU
		{D91D0933-91EF-42A5-9DCA-A6C8FE913E09}.AppStore|Any CPU.Deploy.0 = Release|Any CPU
		{D91D0933-91EF-42A5-9DCA-A6C8FE913E09}.AppStore|iPhone.ActiveCfg = Release|Any CPU
		{D91D0933-91EF-42A5-9DCA-A6C8FE913E09}.AppStore|iPhone.Build.0 = Release|Any CPU
		{D91D0933-91EF-42A5-9DCA-A6C8FE913E09}.AppStore|iPhone.Deploy.0 = Release|Any CPU
		{D91D0933-91EF-42A5-9DCA-A6C8FE913E09}.AppStore|iPhoneSimulator.ActiveCfg = Release|Any CPU
		{D91D0933-91EF-42A5-9DCA-A6C8FE913E09}.AppStore|iPhoneSimulator.Build.0 = Release|Any CPU
		{D91D0933-91EF-42A5-9DCA-A6C8FE913E09}.AppStore|iPhoneSimulator.Deploy.0 = Release|Any CPU
		{D91D0933-91EF-42A5-9DCA-A6C8FE913E09}.Debug|Any CPU.ActiveCfg = Debug|Any CPU
		{D91D0933-91EF-42A5-9DCA-A6C8FE913E09}.Debug|Any CPU.Build.0 = Debug|Any CPU
		{D91D0933-91EF-42A5-9DCA-A6C8FE913E09}.Debug|Any CPU.Deploy.0 = Debug|Any CPU
		{D91D0933-91EF-42A5-9DCA-A6C8FE913E09}.Debug|iPhone.ActiveCfg = Debug|Any CPU
		{D91D0933-91EF-42A5-9DCA-A6C8FE913E09}.Debug|iPhone.Build.0 = Debug|Any CPU
		{D91D0933-91EF-42A5-9DCA-A6C8FE913E09}.Debug|iPhone.Deploy.0 = Debug|Any CPU
		{D91D0933-91EF-42A5-9DCA-A6C8FE913E09}.Debug|iPhoneSimulator.ActiveCfg = Debug|Any CPU
		{D91D0933-91EF-42A5-9DCA-A6C8FE913E09}.Debug|iPhoneSimulator.Build.0 = Debug|Any CPU
		{D91D0933-91EF-42A5-9DCA-A6C8FE913E09}.Debug|iPhoneSimulator.Deploy.0 = Debug|Any CPU
		{D91D0933-91EF-42A5-9DCA-A6C8FE913E09}.Release|Any CPU.ActiveCfg = Release|Any CPU
		{D91D0933-91EF-42A5-9DCA-A6C8FE913E09}.Release|Any CPU.Build.0 = Release|Any CPU
		{D91D0933-91EF-42A5-9DCA-A6C8FE913E09}.Release|Any CPU.Deploy.0 = Release|Any CPU
		{D91D0933-91EF-42A5-9DCA-A6C8FE913E09}.Release|iPhone.ActiveCfg = Release|Any CPU
		{D91D0933-91EF-42A5-9DCA-A6C8FE913E09}.Release|iPhone.Build.0 = Release|Any CPU
		{D91D0933-91EF-42A5-9DCA-A6C8FE913E09}.Release|iPhone.Deploy.0 = Release|Any CPU
		{D91D0933-91EF-42A5-9DCA-A6C8FE913E09}.Release|iPhoneSimulator.ActiveCfg = Release|Any CPU
		{D91D0933-91EF-42A5-9DCA-A6C8FE913E09}.Release|iPhoneSimulator.Build.0 = Release|Any CPU
		{D91D0933-91EF-42A5-9DCA-A6C8FE913E09}.Release|iPhoneSimulator.Deploy.0 = Release|Any CPU
		{6062F1A4-442E-473A-9FC8-FAB738D5928C}.Ad-Hoc|Any CPU.ActiveCfg = Ad-Hoc|iPhone
		{6062F1A4-442E-473A-9FC8-FAB738D5928C}.Ad-Hoc|iPhone.ActiveCfg = Ad-Hoc|iPhone
		{6062F1A4-442E-473A-9FC8-FAB738D5928C}.Ad-Hoc|iPhone.Build.0 = Ad-Hoc|iPhone
		{6062F1A4-442E-473A-9FC8-FAB738D5928C}.Ad-Hoc|iPhoneSimulator.ActiveCfg = Ad-Hoc|iPhoneSimulator
		{6062F1A4-442E-473A-9FC8-FAB738D5928C}.Ad-Hoc|iPhoneSimulator.Build.0 = Ad-Hoc|iPhoneSimulator
		{6062F1A4-442E-473A-9FC8-FAB738D5928C}.AppStore|Any CPU.ActiveCfg = AppStore|iPhone
		{6062F1A4-442E-473A-9FC8-FAB738D5928C}.AppStore|iPhone.ActiveCfg = AppStore|iPhone
		{6062F1A4-442E-473A-9FC8-FAB738D5928C}.AppStore|iPhone.Build.0 = AppStore|iPhone
		{6062F1A4-442E-473A-9FC8-FAB738D5928C}.AppStore|iPhoneSimulator.ActiveCfg = AppStore|iPhoneSimulator
		{6062F1A4-442E-473A-9FC8-FAB738D5928C}.AppStore|iPhoneSimulator.Build.0 = AppStore|iPhoneSimulator
		{6062F1A4-442E-473A-9FC8-FAB738D5928C}.Debug|Any CPU.ActiveCfg = Debug|iPhone
		{6062F1A4-442E-473A-9FC8-FAB738D5928C}.Debug|iPhone.ActiveCfg = Debug|iPhone
		{6062F1A4-442E-473A-9FC8-FAB738D5928C}.Debug|iPhone.Build.0 = Debug|iPhone
		{6062F1A4-442E-473A-9FC8-FAB738D5928C}.Debug|iPhoneSimulator.ActiveCfg = Debug|iPhoneSimulator
		{6062F1A4-442E-473A-9FC8-FAB738D5928C}.Debug|iPhoneSimulator.Build.0 = Debug|iPhoneSimulator
		{6062F1A4-442E-473A-9FC8-FAB738D5928C}.Release|Any CPU.ActiveCfg = Release|iPhone
		{6062F1A4-442E-473A-9FC8-FAB738D5928C}.Release|iPhone.ActiveCfg = Release|iPhone
		{6062F1A4-442E-473A-9FC8-FAB738D5928C}.Release|iPhone.Build.0 = Release|iPhone
		{6062F1A4-442E-473A-9FC8-FAB738D5928C}.Release|iPhoneSimulator.ActiveCfg = Release|iPhoneSimulator
		{6062F1A4-442E-473A-9FC8-FAB738D5928C}.Release|iPhoneSimulator.Build.0 = Release|iPhoneSimulator
		{F857F69C-C633-4D5F-AFB8-622B7B157322}.Ad-Hoc|Any CPU.ActiveCfg = Release|Any CPU
		{F857F69C-C633-4D5F-AFB8-622B7B157322}.Ad-Hoc|Any CPU.Build.0 = Release|Any CPU
		{F857F69C-C633-4D5F-AFB8-622B7B157322}.Ad-Hoc|iPhone.ActiveCfg = Release|Any CPU
		{F857F69C-C633-4D5F-AFB8-622B7B157322}.Ad-Hoc|iPhone.Build.0 = Release|Any CPU
		{F857F69C-C633-4D5F-AFB8-622B7B157322}.Ad-Hoc|iPhoneSimulator.ActiveCfg = Release|Any CPU
		{F857F69C-C633-4D5F-AFB8-622B7B157322}.Ad-Hoc|iPhoneSimulator.Build.0 = Release|Any CPU
		{F857F69C-C633-4D5F-AFB8-622B7B157322}.AppStore|Any CPU.ActiveCfg = Release|Any CPU
		{F857F69C-C633-4D5F-AFB8-622B7B157322}.AppStore|Any CPU.Build.0 = Release|Any CPU
		{F857F69C-C633-4D5F-AFB8-622B7B157322}.AppStore|iPhone.ActiveCfg = Release|Any CPU
		{F857F69C-C633-4D5F-AFB8-622B7B157322}.AppStore|iPhone.Build.0 = Release|Any CPU
		{F857F69C-C633-4D5F-AFB8-622B7B157322}.AppStore|iPhoneSimulator.ActiveCfg = Release|Any CPU
		{F857F69C-C633-4D5F-AFB8-622B7B157322}.AppStore|iPhoneSimulator.Build.0 = Release|Any CPU
		{F857F69C-C633-4D5F-AFB8-622B7B157322}.Debug|Any CPU.ActiveCfg = Debug|Any CPU
		{F857F69C-C633-4D5F-AFB8-622B7B157322}.Debug|Any CPU.Build.0 = Debug|Any CPU
		{F857F69C-C633-4D5F-AFB8-622B7B157322}.Debug|iPhone.ActiveCfg = Debug|Any CPU
		{F857F69C-C633-4D5F-AFB8-622B7B157322}.Debug|iPhone.Build.0 = Debug|Any CPU
		{F857F69C-C633-4D5F-AFB8-622B7B157322}.Debug|iPhoneSimulator.ActiveCfg = Debug|Any CPU
		{F857F69C-C633-4D5F-AFB8-622B7B157322}.Debug|iPhoneSimulator.Build.0 = Debug|Any CPU
		{F857F69C-C633-4D5F-AFB8-622B7B157322}.Release|Any CPU.ActiveCfg = Release|Any CPU
		{F857F69C-C633-4D5F-AFB8-622B7B157322}.Release|Any CPU.Build.0 = Release|Any CPU
		{F857F69C-C633-4D5F-AFB8-622B7B157322}.Release|iPhone.ActiveCfg = Release|Any CPU
		{F857F69C-C633-4D5F-AFB8-622B7B157322}.Release|iPhone.Build.0 = Release|Any CPU
		{F857F69C-C633-4D5F-AFB8-622B7B157322}.Release|iPhoneSimulator.ActiveCfg = Release|Any CPU
		{F857F69C-C633-4D5F-AFB8-622B7B157322}.Release|iPhoneSimulator.Build.0 = Release|Any CPU
		{B16D1EF0-E2BA-46B6-A779-3D32A7654F4B}.Ad-Hoc|Any CPU.ActiveCfg = Release|Any CPU
		{B16D1EF0-E2BA-46B6-A779-3D32A7654F4B}.Ad-Hoc|Any CPU.Build.0 = Release|Any CPU
		{B16D1EF0-E2BA-46B6-A779-3D32A7654F4B}.Ad-Hoc|iPhone.ActiveCfg = Release|Any CPU
		{B16D1EF0-E2BA-46B6-A779-3D32A7654F4B}.Ad-Hoc|iPhone.Build.0 = Release|Any CPU
		{B16D1EF0-E2BA-46B6-A779-3D32A7654F4B}.Ad-Hoc|iPhoneSimulator.ActiveCfg = Release|Any CPU
		{B16D1EF0-E2BA-46B6-A779-3D32A7654F4B}.Ad-Hoc|iPhoneSimulator.Build.0 = Release|Any CPU
		{B16D1EF0-E2BA-46B6-A779-3D32A7654F4B}.AppStore|Any CPU.ActiveCfg = Release|Any CPU
		{B16D1EF0-E2BA-46B6-A779-3D32A7654F4B}.AppStore|Any CPU.Build.0 = Release|Any CPU
		{B16D1EF0-E2BA-46B6-A779-3D32A7654F4B}.AppStore|iPhone.ActiveCfg = Release|Any CPU
		{B16D1EF0-E2BA-46B6-A779-3D32A7654F4B}.AppStore|iPhone.Build.0 = Release|Any CPU
		{B16D1EF0-E2BA-46B6-A779-3D32A7654F4B}.AppStore|iPhoneSimulator.ActiveCfg = Release|Any CPU
		{B16D1EF0-E2BA-46B6-A779-3D32A7654F4B}.AppStore|iPhoneSimulator.Build.0 = Release|Any CPU
		{B16D1EF0-E2BA-46B6-A779-3D32A7654F4B}.Debug|Any CPU.ActiveCfg = Debug|Any CPU
		{B16D1EF0-E2BA-46B6-A779-3D32A7654F4B}.Debug|Any CPU.Build.0 = Debug|Any CPU
		{B16D1EF0-E2BA-46B6-A779-3D32A7654F4B}.Debug|iPhone.ActiveCfg = Debug|Any CPU
		{B16D1EF0-E2BA-46B6-A779-3D32A7654F4B}.Debug|iPhone.Build.0 = Debug|Any CPU
		{B16D1EF0-E2BA-46B6-A779-3D32A7654F4B}.Debug|iPhoneSimulator.ActiveCfg = Debug|Any CPU
		{B16D1EF0-E2BA-46B6-A779-3D32A7654F4B}.Debug|iPhoneSimulator.Build.0 = Debug|Any CPU
		{B16D1EF0-E2BA-46B6-A779-3D32A7654F4B}.Release|Any CPU.ActiveCfg = Release|Any CPU
		{B16D1EF0-E2BA-46B6-A779-3D32A7654F4B}.Release|Any CPU.Build.0 = Release|Any CPU
		{B16D1EF0-E2BA-46B6-A779-3D32A7654F4B}.Release|iPhone.ActiveCfg = Release|Any CPU
		{B16D1EF0-E2BA-46B6-A779-3D32A7654F4B}.Release|iPhone.Build.0 = Release|Any CPU
		{B16D1EF0-E2BA-46B6-A779-3D32A7654F4B}.Release|iPhoneSimulator.ActiveCfg = Release|Any CPU
		{B16D1EF0-E2BA-46B6-A779-3D32A7654F4B}.Release|iPhoneSimulator.Build.0 = Release|Any CPU
		{901E050A-16B2-4F15-A98A-B144546540D2}.Ad-Hoc|Any CPU.ActiveCfg = Release|Any CPU
		{901E050A-16B2-4F15-A98A-B144546540D2}.Ad-Hoc|Any CPU.Build.0 = Release|Any CPU
		{901E050A-16B2-4F15-A98A-B144546540D2}.Ad-Hoc|Any CPU.Deploy.0 = Release|Any CPU
		{901E050A-16B2-4F15-A98A-B144546540D2}.Ad-Hoc|iPhone.ActiveCfg = Release|Any CPU
		{901E050A-16B2-4F15-A98A-B144546540D2}.Ad-Hoc|iPhone.Build.0 = Release|Any CPU
		{901E050A-16B2-4F15-A98A-B144546540D2}.Ad-Hoc|iPhone.Deploy.0 = Release|Any CPU
		{901E050A-16B2-4F15-A98A-B144546540D2}.Ad-Hoc|iPhoneSimulator.ActiveCfg = Release|Any CPU
		{901E050A-16B2-4F15-A98A-B144546540D2}.Ad-Hoc|iPhoneSimulator.Build.0 = Release|Any CPU
		{901E050A-16B2-4F15-A98A-B144546540D2}.Ad-Hoc|iPhoneSimulator.Deploy.0 = Release|Any CPU
		{901E050A-16B2-4F15-A98A-B144546540D2}.AppStore|Any CPU.ActiveCfg = Release|Any CPU
		{901E050A-16B2-4F15-A98A-B144546540D2}.AppStore|Any CPU.Build.0 = Release|Any CPU
		{901E050A-16B2-4F15-A98A-B144546540D2}.AppStore|Any CPU.Deploy.0 = Release|Any CPU
		{901E050A-16B2-4F15-A98A-B144546540D2}.AppStore|iPhone.ActiveCfg = Release|Any CPU
		{901E050A-16B2-4F15-A98A-B144546540D2}.AppStore|iPhone.Build.0 = Release|Any CPU
		{901E050A-16B2-4F15-A98A-B144546540D2}.AppStore|iPhone.Deploy.0 = Release|Any CPU
		{901E050A-16B2-4F15-A98A-B144546540D2}.AppStore|iPhoneSimulator.ActiveCfg = Release|Any CPU
		{901E050A-16B2-4F15-A98A-B144546540D2}.AppStore|iPhoneSimulator.Build.0 = Release|Any CPU
		{901E050A-16B2-4F15-A98A-B144546540D2}.AppStore|iPhoneSimulator.Deploy.0 = Release|Any CPU
		{901E050A-16B2-4F15-A98A-B144546540D2}.Debug|Any CPU.ActiveCfg = Debug|Any CPU
		{901E050A-16B2-4F15-A98A-B144546540D2}.Debug|Any CPU.Build.0 = Debug|Any CPU
		{901E050A-16B2-4F15-A98A-B144546540D2}.Debug|Any CPU.Deploy.0 = Debug|Any CPU
		{901E050A-16B2-4F15-A98A-B144546540D2}.Debug|iPhone.ActiveCfg = Debug|Any CPU
		{901E050A-16B2-4F15-A98A-B144546540D2}.Debug|iPhone.Build.0 = Debug|Any CPU
		{901E050A-16B2-4F15-A98A-B144546540D2}.Debug|iPhone.Deploy.0 = Debug|Any CPU
		{901E050A-16B2-4F15-A98A-B144546540D2}.Debug|iPhoneSimulator.ActiveCfg = Debug|Any CPU
		{901E050A-16B2-4F15-A98A-B144546540D2}.Debug|iPhoneSimulator.Build.0 = Debug|Any CPU
		{901E050A-16B2-4F15-A98A-B144546540D2}.Debug|iPhoneSimulator.Deploy.0 = Debug|Any CPU
		{901E050A-16B2-4F15-A98A-B144546540D2}.Release|Any CPU.ActiveCfg = Release|Any CPU
		{901E050A-16B2-4F15-A98A-B144546540D2}.Release|Any CPU.Build.0 = Release|Any CPU
		{901E050A-16B2-4F15-A98A-B144546540D2}.Release|Any CPU.Deploy.0 = Release|Any CPU
		{901E050A-16B2-4F15-A98A-B144546540D2}.Release|iPhone.ActiveCfg = Release|Any CPU
		{901E050A-16B2-4F15-A98A-B144546540D2}.Release|iPhone.Build.0 = Release|Any CPU
		{901E050A-16B2-4F15-A98A-B144546540D2}.Release|iPhone.Deploy.0 = Release|Any CPU
		{901E050A-16B2-4F15-A98A-B144546540D2}.Release|iPhoneSimulator.ActiveCfg = Release|Any CPU
		{901E050A-16B2-4F15-A98A-B144546540D2}.Release|iPhoneSimulator.Build.0 = Release|Any CPU
		{901E050A-16B2-4F15-A98A-B144546540D2}.Release|iPhoneSimulator.Deploy.0 = Release|Any CPU
		{C25477E6-5044-4F43-87C3-110EE49E2BB1}.Ad-Hoc|Any CPU.ActiveCfg = Ad-Hoc|iPhone
		{C25477E6-5044-4F43-87C3-110EE49E2BB1}.Ad-Hoc|iPhone.ActiveCfg = Ad-Hoc|iPhone
		{C25477E6-5044-4F43-87C3-110EE49E2BB1}.Ad-Hoc|iPhone.Build.0 = Ad-Hoc|iPhone
		{C25477E6-5044-4F43-87C3-110EE49E2BB1}.Ad-Hoc|iPhoneSimulator.ActiveCfg = Ad-Hoc|iPhoneSimulator
		{C25477E6-5044-4F43-87C3-110EE49E2BB1}.Ad-Hoc|iPhoneSimulator.Build.0 = Ad-Hoc|iPhoneSimulator
		{C25477E6-5044-4F43-87C3-110EE49E2BB1}.AppStore|Any CPU.ActiveCfg = AppStore|iPhone
		{C25477E6-5044-4F43-87C3-110EE49E2BB1}.AppStore|iPhone.ActiveCfg = AppStore|iPhone
		{C25477E6-5044-4F43-87C3-110EE49E2BB1}.AppStore|iPhone.Build.0 = AppStore|iPhone
		{C25477E6-5044-4F43-87C3-110EE49E2BB1}.AppStore|iPhoneSimulator.ActiveCfg = AppStore|iPhoneSimulator
		{C25477E6-5044-4F43-87C3-110EE49E2BB1}.AppStore|iPhoneSimulator.Build.0 = AppStore|iPhoneSimulator
		{C25477E6-5044-4F43-87C3-110EE49E2BB1}.Debug|Any CPU.ActiveCfg = Debug|iPhone
		{C25477E6-5044-4F43-87C3-110EE49E2BB1}.Debug|iPhone.ActiveCfg = Debug|iPhone
		{C25477E6-5044-4F43-87C3-110EE49E2BB1}.Debug|iPhone.Build.0 = Debug|iPhone
		{C25477E6-5044-4F43-87C3-110EE49E2BB1}.Debug|iPhoneSimulator.ActiveCfg = Debug|iPhoneSimulator
		{C25477E6-5044-4F43-87C3-110EE49E2BB1}.Debug|iPhoneSimulator.Build.0 = Debug|iPhoneSimulator
		{C25477E6-5044-4F43-87C3-110EE49E2BB1}.Release|Any CPU.ActiveCfg = Release|iPhone
		{C25477E6-5044-4F43-87C3-110EE49E2BB1}.Release|iPhone.ActiveCfg = Release|iPhone
		{C25477E6-5044-4F43-87C3-110EE49E2BB1}.Release|iPhone.Build.0 = Release|iPhone
		{C25477E6-5044-4F43-87C3-110EE49E2BB1}.Release|iPhoneSimulator.ActiveCfg = Release|iPhoneSimulator
		{C25477E6-5044-4F43-87C3-110EE49E2BB1}.Release|iPhoneSimulator.Build.0 = Release|iPhoneSimulator
	EndGlobalSection
	GlobalSection(SolutionProperties) = preSolution
		HideSolutionNode = FALSE
	EndGlobalSection
	GlobalSection(NestedProjects) = preSolution
		{34916704-ECEB-461B-A711-BFDDE881F287} = {73275F98-073D-4E51-BA71-26783EB74EDE}
		{1FC46C87-57D1-4B92-A7BF-C65731E615C6} = {4910CD6A-51F4-4BC0-AEE3-71CF6D0B8D34}
		{3F9FB413-15DD-4C33-A82E-A99C8C0AC9DE} = {1FC46C87-57D1-4B92-A7BF-C65731E615C6}
		{1C1399C8-9342-4670-A09B-F3E12B4EFF8E} = {8CD4C793-094B-462F-8D13-FBC3C1390B61}
		{0E8452B0-3921-432A-9B50-DE8A0E6392C3} = {4910CD6A-51F4-4BC0-AEE3-71CF6D0B8D34}
		{2878E4C6-BD37-46BF-90E7-A15D96605433} = {0E8452B0-3921-432A-9B50-DE8A0E6392C3}
		{1BE01EDE-BA51-4AB8-B070-1F212EBE010E} = {B6E77891-0084-45FB-8117-024A8E0D22A2}
		{264AB6C9-AFE0-4583-934D-905A038DDFEF} = {B565F54B-2A6E-4F9D-9990-012D49B8B0F7}
		{C812B247-936E-493A-974F-02B8813D1389} = {264AB6C9-AFE0-4583-934D-905A038DDFEF}
		{D91D0933-91EF-42A5-9DCA-A6C8FE913E09} = {264AB6C9-AFE0-4583-934D-905A038DDFEF}
		{6062F1A4-442E-473A-9FC8-FAB738D5928C} = {264AB6C9-AFE0-4583-934D-905A038DDFEF}
		{F857F69C-C633-4D5F-AFB8-622B7B157322} = {73275F98-073D-4E51-BA71-26783EB74EDE}
		{B16D1EF0-E2BA-46B6-A779-3D32A7654F4B} = {264AB6C9-AFE0-4583-934D-905A038DDFEF}
		{901E050A-16B2-4F15-A98A-B144546540D2} = {264AB6C9-AFE0-4583-934D-905A038DDFEF}
		{C25477E6-5044-4F43-87C3-110EE49E2BB1} = {264AB6C9-AFE0-4583-934D-905A038DDFEF}
	EndGlobalSection
EndGlobal
