
Microsoft Visual Studio Solution File, Format Version 12.00
# Visual Studio 14
VisualStudioVersion = 14.0.25420.1
MinimumVisualStudioVersion = 10.0.40219.1
Project("{2150E333-8FDC-42A3-9474-1A3956D46DE8}") = "0-Apresentacao", "0-Apresentacao", "{B565F54B-2A6E-4F9D-9990-012D49B8B0F7}"
EndProject
Project("{2150E333-8FDC-42A3-9474-1A3956D46DE8}") = "1-Servico", "1-Servico", "{B6E77891-0084-45FB-8117-024A8E0D22A2}"
EndProject
Project("{2150E333-8FDC-42A3-9474-1A3956D46DE8}") = "2-Aplicacao", "2-Aplicacao", "{8CD4C793-094B-462F-8D13-FBC3C1390B61}"
EndProject
Project("{2150E333-8FDC-42A3-9474-1A3956D46DE8}") = "3-Dominio", "3-Dominio", "{73275F98-073D-4E51-BA71-26783EB74EDE}"
EndProject
Project("{2150E333-8FDC-42A3-9474-1A3956D46DE8}") = "4-Infra", "4-Infra", "{4910CD6A-51F4-4BC0-AEE3-71CF6D0B8D34}"
EndProject
Project("{FAE04EC0-301F-11D3-BF4B-00C04F79EFBC}") = "AppFidelidade.Dominio", "src\AppFidelidade.Dominio\AppFidelidade.Dominio.csproj", "{34916704-ECEB-461B-A711-BFDDE881F287}"
EndProject
Project("{2150E333-8FDC-42A3-9474-1A3956D46DE8}") = "4.1-Data", "4.1-Data", "{1FC46C87-57D1-4B92-A7BF-C65731E615C6}"
EndProject
Project("{FAE04EC0-301F-11D3-BF4B-00C04F79EFBC}") = "AppFidelidade.Infra.Data", "src\AppFidelidade.Infra.Data\AppFidelidade.Infra.Data.csproj", "{3F9FB413-15DD-4C33-A82E-A99C8C0AC9DE}"
EndProject
Project("{FAE04EC0-301F-11D3-BF4B-00C04F79EFBC}") = "AppFidelidade.Aplicacao", "src\AppFidelidade.Aplicacao\AppFidelidade.Aplicacao.csproj", "{1C1399C8-9342-4670-A09B-F3E12B4EFF8E}"
EndProject
Global
	GlobalSection(SolutionConfigurationPlatforms) = preSolution
		Debug|Any CPU = Debug|Any CPU
		Release|Any CPU = Release|Any CPU
	EndGlobalSection
	GlobalSection(ProjectConfigurationPlatforms) = postSolution
		{34916704-ECEB-461B-A711-BFDDE881F287}.Debug|Any CPU.ActiveCfg = Debug|Any CPU
		{34916704-ECEB-461B-A711-BFDDE881F287}.Debug|Any CPU.Build.0 = Debug|Any CPU
		{34916704-ECEB-461B-A711-BFDDE881F287}.Release|Any CPU.ActiveCfg = Release|Any CPU
		{34916704-ECEB-461B-A711-BFDDE881F287}.Release|Any CPU.Build.0 = Release|Any CPU
		{3F9FB413-15DD-4C33-A82E-A99C8C0AC9DE}.Debug|Any CPU.ActiveCfg = Debug|Any CPU
		{3F9FB413-15DD-4C33-A82E-A99C8C0AC9DE}.Debug|Any CPU.Build.0 = Debug|Any CPU
		{3F9FB413-15DD-4C33-A82E-A99C8C0AC9DE}.Release|Any CPU.ActiveCfg = Release|Any CPU
		{3F9FB413-15DD-4C33-A82E-A99C8C0AC9DE}.Release|Any CPU.Build.0 = Release|Any CPU
		{1C1399C8-9342-4670-A09B-F3E12B4EFF8E}.Debug|Any CPU.ActiveCfg = Debug|Any CPU
		{1C1399C8-9342-4670-A09B-F3E12B4EFF8E}.Debug|Any CPU.Build.0 = Debug|Any CPU
		{1C1399C8-9342-4670-A09B-F3E12B4EFF8E}.Release|Any CPU.ActiveCfg = Release|Any CPU
		{1C1399C8-9342-4670-A09B-F3E12B4EFF8E}.Release|Any CPU.Build.0 = Release|Any CPU
	EndGlobalSection
	GlobalSection(SolutionProperties) = preSolution
		HideSolutionNode = FALSE
	EndGlobalSection
	GlobalSection(NestedProjects) = preSolution
		{34916704-ECEB-461B-A711-BFDDE881F287} = {73275F98-073D-4E51-BA71-26783EB74EDE}
		{1FC46C87-57D1-4B92-A7BF-C65731E615C6} = {4910CD6A-51F4-4BC0-AEE3-71CF6D0B8D34}
		{3F9FB413-15DD-4C33-A82E-A99C8C0AC9DE} = {1FC46C87-57D1-4B92-A7BF-C65731E615C6}
		{1C1399C8-9342-4670-A09B-F3E12B4EFF8E} = {8CD4C793-094B-462F-8D13-FBC3C1390B61}
	EndGlobalSection
EndGlobal
